
Microsoft Visual Studio Solution File, Format Version 12.00
# Visual Studio Version 16
VisualStudioVersion = 16.0.29926.136
MinimumVisualStudioVersion = 10.0.40219.1
Project("{FAE04EC0-301F-11D3-BF4B-00C04F79EFBC}") = "CodilitySolutions", "CodilitySolutions\CodilitySolutions.csproj", "{6BD879A1-BAAF-44E3-9CD2-E9A0DC324A86}"
EndProject
Global
	GlobalSection(SolutionConfigurationPlatforms) = preSolution
		Debug|Any CPU = Debug|Any CPU
		Release|Any CPU = Release|Any CPU
	EndGlobalSection
	GlobalSection(ProjectConfigurationPlatforms) = postSolution
		{6BD879A1-BAAF-44E3-9CD2-E9A0DC324A86}.Debug|Any CPU.ActiveCfg = Debug|Any CPU
		{6BD879A1-BAAF-44E3-9CD2-E9A0DC324A86}.Debug|Any CPU.Build.0 = Debug|Any CPU
		{6BD879A1-BAAF-44E3-9CD2-E9A0DC324A86}.Release|Any CPU.ActiveCfg = Release|Any CPU
		{6BD879A1-BAAF-44E3-9CD2-E9A0DC324A86}.Release|Any CPU.Build.0 = Release|Any CPU
	EndGlobalSection
	GlobalSection(SolutionProperties) = preSolution
		HideSolutionNode = FALSE
	EndGlobalSection
	GlobalSection(ExtensibilityGlobals) = postSolution
		SolutionGuid = {A02D755D-EDA1-4568-A7CE-265A1D096CC1}
	EndGlobalSection
EndGlobal
